
Microsoft Visual Studio Solution File, Format Version 12.00
# Visual Studio 15
VisualStudioVersion = 15.0.27130.2036
MinimumVisualStudioVersion = 10.0.40219.1
Project("{9A19103F-16F7-4668-BE54-9A1E7A4F7556}") = "GraphConsequences", "GraphConsequences\GraphConsequences.csproj", "{897B06DD-3CE8-4376-9822-E79518870076}"
EndProject
Project("{9A19103F-16F7-4668-BE54-9A1E7A4F7556}") = "VariantAnnotation.Interface", "Nirvana\VariantAnnotation.Interface\VariantAnnotation.Interface.csproj", "{93615191-AA16-46BA-979C-9AFE16C3C2D3}"
EndProject
Global
	GlobalSection(SolutionConfigurationPlatforms) = preSolution
		Debug|Any CPU = Debug|Any CPU
		Release|Any CPU = Release|Any CPU
	EndGlobalSection
	GlobalSection(ProjectConfigurationPlatforms) = postSolution
		{897B06DD-3CE8-4376-9822-E79518870076}.Debug|Any CPU.ActiveCfg = Debug|Any CPU
		{897B06DD-3CE8-4376-9822-E79518870076}.Debug|Any CPU.Build.0 = Debug|Any CPU
		{897B06DD-3CE8-4376-9822-E79518870076}.Release|Any CPU.ActiveCfg = Release|Any CPU
		{897B06DD-3CE8-4376-9822-E79518870076}.Release|Any CPU.Build.0 = Release|Any CPU
		{93615191-AA16-46BA-979C-9AFE16C3C2D3}.Debug|Any CPU.ActiveCfg = Debug|Any CPU
		{93615191-AA16-46BA-979C-9AFE16C3C2D3}.Debug|Any CPU.Build.0 = Debug|Any CPU
		{93615191-AA16-46BA-979C-9AFE16C3C2D3}.Release|Any CPU.ActiveCfg = Release|Any CPU
		{93615191-AA16-46BA-979C-9AFE16C3C2D3}.Release|Any CPU.Build.0 = Release|Any CPU
	EndGlobalSection
	GlobalSection(SolutionProperties) = preSolution
		HideSolutionNode = FALSE
	EndGlobalSection
	GlobalSection(ExtensibilityGlobals) = postSolution
		SolutionGuid = {1C6C809A-FBFD-48D3-B864-033727A5019D}
	EndGlobalSection
EndGlobal
